
Microsoft Visual Studio Solution File, Format Version 12.00
# Visual Studio 15
VisualStudioVersion = 15.0.28010.2026
MinimumVisualStudioVersion = 10.0.40219.1
Project("{FAE04EC0-301F-11D3-BF4B-00C04F79EFBC}") = "Assignment2", "Assignment2\Assignment2.csproj", "{73B3ED0C-F117-43DF-907D-35E176EB02E9}"
EndProject
Global
	GlobalSection(SolutionConfigurationPlatforms) = preSolution
		Debug|Any CPU = Debug|Any CPU
		Release|Any CPU = Release|Any CPU
	EndGlobalSection
	GlobalSection(ProjectConfigurationPlatforms) = postSolution
		{73B3ED0C-F117-43DF-907D-35E176EB02E9}.Debug|Any CPU.ActiveCfg = Debug|Any CPU
		{73B3ED0C-F117-43DF-907D-35E176EB02E9}.Debug|Any CPU.Build.0 = Debug|Any CPU
		{73B3ED0C-F117-43DF-907D-35E176EB02E9}.Release|Any CPU.ActiveCfg = Release|Any CPU
		{73B3ED0C-F117-43DF-907D-35E176EB02E9}.Release|Any CPU.Build.0 = Release|Any CPU
	EndGlobalSection
	GlobalSection(SolutionProperties) = preSolution
		HideSolutionNode = FALSE
	EndGlobalSection
	GlobalSection(ExtensibilityGlobals) = postSolution
		SolutionGuid = {D01A840D-B8E9-4174-BD4C-418F1E141286}
	EndGlobalSection
EndGlobal
